
Microsoft Visual Studio Solution File, Format Version 12.00
# Visual Studio Version 17
VisualStudioVersion = 17.11.35327.3
MinimumVisualStudioVersion = 10.0.40219.1
Project("{FAE04EC0-301F-11D3-BF4B-00C04F79EFBC}") = "TriviaApi", "TriviaApi\TriviaApi.csproj", "{6EF1D3F3-42E5-4F72-8ADB-378809DB773B}"
EndProject
Global
	GlobalSection(SolutionConfigurationPlatforms) = preSolution
		Debug|Any CPU = Debug|Any CPU
		Release|Any CPU = Release|Any CPU
	EndGlobalSection
	GlobalSection(ProjectConfigurationPlatforms) = postSolution
		{6EF1D3F3-42E5-4F72-8ADB-378809DB773B}.Debug|Any CPU.ActiveCfg = Debug|Any CPU
		{6EF1D3F3-42E5-4F72-8ADB-378809DB773B}.Debug|Any CPU.Build.0 = Debug|Any CPU
		{6EF1D3F3-42E5-4F72-8ADB-378809DB773B}.Release|Any CPU.ActiveCfg = Release|Any CPU
		{6EF1D3F3-42E5-4F72-8ADB-378809DB773B}.Release|Any CPU.Build.0 = Release|Any CPU
	EndGlobalSection
	GlobalSection(SolutionProperties) = preSolution
		HideSolutionNode = FALSE
	EndGlobalSection
	GlobalSection(ExtensibilityGlobals) = postSolution
		SolutionGuid = {5D634E71-C029-43D7-8ACF-9D878FD564DD}
	EndGlobalSection
EndGlobal
